// !$*UTF8*$!
{
	archiveVersion = 1;
	classes = {
	};
	objectVersion = 50;
	objects = {

/* Begin PBXBuildFile section */
		0C526E492191D078007A3348 /* BorderButton.swift in Sources */ = {isa = PBXBuildFile; fileRef = 0C526E482191D078007A3348 /* BorderButton.swift */; };
		EE4CB2512190389900BE9697 /* AppDelegate.swift in Sources */ = {isa = PBXBuildFile; fileRef = EE4CB2502190389900BE9697 /* AppDelegate.swift */; };
		EE4CB2532190389900BE9697 /* ViewController.swift in Sources */ = {isa = PBXBuildFile; fileRef = EE4CB2522190389900BE9697 /* ViewController.swift */; };
		EE4CB2562190389900BE9697 /* Main.storyboard in Resources */ = {isa = PBXBuildFile; fileRef = EE4CB2542190389900BE9697 /* Main.storyboard */; };
		EE4CB2582190389B00BE9697 /* Assets.xcassets in Resources */ = {isa = PBXBuildFile; fileRef = EE4CB2572190389B00BE9697 /* Assets.xcassets */; };
		EE4CB25B2190389B00BE9697 /* LaunchScreen.storyboard in Resources */ = {isa = PBXBuildFile; fileRef = EE4CB2592190389B00BE9697 /* LaunchScreen.storyboard */; };
/* End PBXBuildFile section */

/* Begin PBXFileReference section */
		0C526E482191D078007A3348 /* BorderButton.swift */ = {isa = PBXFileReference; lastKnownFileType = sourcecode.swift; name = BorderButton.swift; path = "../../../../../../../Library/Autosave Information/BorderButton.swift"; sourceTree = "<group>"; };
		EE4CB24D2190389900BE9697 /* 05 app swoosh.app */ = {isa = PBXFileReference; explicitFileType = wrapper.application; includeInIndex = 0; path = "05 app swoosh.app"; sourceTree = BUILT_PRODUCTS_DIR; };
		EE4CB2502190389900BE9697 /* AppDelegate.swift */ = {isa = PBXFileReference; lastKnownFileType = sourcecode.swift; path = AppDelegate.swift; sourceTree = "<group>"; };
		EE4CB2522190389900BE9697 /* ViewController.swift */ = {isa = PBXFileReference; lastKnownFileType = sourcecode.swift; path = ViewController.swift; sourceTree = "<group>"; };
		EE4CB2552190389900BE9697 /* Base */ = {isa = PBXFileReference; lastKnownFileType = file.storyboard; name = Base; path = Base.lproj/Main.storyboard; sourceTree = "<group>"; };
		EE4CB2572190389B00BE9697 /* Assets.xcassets */ = {isa = PBXFileReference; lastKnownFileType = folder.assetcatalog; path = Assets.xcassets; sourceTree = "<group>"; };
		EE4CB25A2190389B00BE9697 /* Base */ = {isa = PBXFileReference; lastKnownFileType = file.storyboard; name = Base; path = Base.lproj/LaunchScreen.storyboard; sourceTree = "<group>"; };
		EE4CB25C2190389B00BE9697 /* Info.plist */ = {isa = PBXFileReference; lastKnownFileType = text.plist.xml; path = Info.plist; sourceTree = "<group>"; };
/* End PBXFileReference section */

/* Begin PBXFrameworksBuildPhase section */
		EE4CB24A2190389900BE9697 /* Frameworks */ = {
			isa = PBXFrameworksBuildPhase;
			buildActionMask = 2147483647;
			files = (
			);
			runOnlyForDeploymentPostprocessing = 0;
		};
/* End PBXFrameworksBuildPhase section */

/* Begin PBXGroup section */
		0C526E472191CFE7007A3348 /* Views */ = {
			isa = PBXGroup;
			children = (
				0C526E482191D078007A3348 /* BorderButton.swift */,
			);
			name = Views;
			path = "New Group";
			sourceTree = "<group>";
		};
		EE4CB2442190389900BE9697 = {
			isa = PBXGroup;
			children = (
				EE4CB24F2190389900BE9697 /* 05 app swoosh */,
				EE4CB24E2190389900BE9697 /* Products */,
			);
			sourceTree = "<group>";
		};
		EE4CB24E2190389900BE9697 /* Products */ = {
			isa = PBXGroup;
			children = (
				EE4CB24D2190389900BE9697 /* 05 app swoosh.app */,
			);
			name = Products;
			sourceTree = "<group>";
		};
		EE4CB24F2190389900BE9697 /* 05 app swoosh */ = {
			isa = PBXGroup;
			children = (
				0C526E472191CFE7007A3348 /* Views */,
				EE4CB2502190389900BE9697 /* AppDelegate.swift */,
				EE4CB2522190389900BE9697 /* ViewController.swift */,
				EE4CB2542190389900BE9697 /* Main.storyboard */,
				EE4CB2572190389B00BE9697 /* Assets.xcassets */,
				EE4CB2592190389B00BE9697 /* LaunchScreen.storyboard */,
				EE4CB25C2190389B00BE9697 /* Info.plist */,
			);
			path = "05 app swoosh";
			sourceTree = "<group>";
		};
/* End PBXGroup section */

/* Begin PBXNativeTarget section */
		EE4CB24C2190389900BE9697 /* 05 app swoosh */ = {
			isa = PBXNativeTarget;
			buildConfigurationList = EE4CB25F2190389B00BE9697 /* Build configuration list for PBXNativeTarget "05 app swoosh" */;
			buildPhases = (
				EE4CB2492190389900BE9697 /* Sources */,
				EE4CB24A2190389900BE9697 /* Frameworks */,
				EE4CB24B2190389900BE9697 /* Resources */,
			);
			buildRules = (
			);
			dependencies = (
			);
			name = "05 app swoosh";
			productName = "05 app swoosh";
			productReference = EE4CB24D2190389900BE9697 /* 05 app swoosh.app */;
			productType = "com.apple.product-type.application";
		};
/* End PBXNativeTarget section */

/* Begin PBXProject section */
		EE4CB2452190389900BE9697 /* Project object */ = {
			isa = PBXProject;
			attributes = {
				LastSwiftUpdateCheck = 0940;
				LastUpgradeCheck = 0940;
				ORGANIZATIONNAME = "Drcom Asia";
				TargetAttributes = {
					EE4CB24C2190389900BE9697 = {
						CreatedOnToolsVersion = 9.4.1;
					};
				};
			};
			buildConfigurationList = EE4CB2482190389900BE9697 /* Build configuration list for PBXProject "05 app swoosh" */;
			compatibilityVersion = "Xcode 9.3";
			developmentRegion = en;
			hasScannedForEncodings = 0;
			knownRegions = (
				en,
				Base,
			);
			mainGroup = EE4CB2442190389900BE9697;
			productRefGroup = EE4CB24E2190389900BE9697 /* Products */;
			projectDirPath = "";
			projectRoot = "";
			targets = (
				EE4CB24C2190389900BE9697 /* 05 app swoosh */,
			);
		};
/* End PBXProject section */

/* Begin PBXResourcesBuildPhase section */
		EE4CB24B2190389900BE9697 /* Resources */ = {
			isa = PBXResourcesBuildPhase;
			buildActionMask = 2147483647;
			files = (
				EE4CB25B2190389B00BE9697 /* LaunchScreen.storyboard in Resources */,
				EE4CB2582190389B00BE9697 /* Assets.xcassets in Resources */,
				EE4CB2562190389900BE9697 /* Main.storyboard in Resources */,
			);
			runOnlyForDeploymentPostprocessing = 0;
		};
/* End PBXResourcesBuildPhase section */

/* Begin PBXSourcesBuildPhase section */
		EE4CB2492190389900BE9697 /* Sources */ = {
			isa = PBXSourcesBuildPhase;
			buildActionMask = 2147483647;
			files = (
				EE4CB2532190389900BE9697 /* ViewController.swift in Sources */,
				EE4CB2512190389900BE9697 /* AppDelegate.swift in Sources */,
				0C526E492191D078007A3348 /* BorderButton.swift in Sources */,
			);
			runOnlyForDeploymentPostprocessing = 0;
		};
/* End PBXSourcesBuildPhase section */

/* Begin PBXVariantGroup section */
		EE4CB2542190389900BE9697 /* Main.storyboard */ = {
			isa = PBXVariantGroup;
			children = (
				EE4CB2552190389900BE9697 /* Base */,
			);
			name = Main.storyboard;
			sourceTree = "<group>";
		};
		EE4CB2592190389B00BE9697 /* LaunchScreen.storyboard */ = {
			isa = PBXVariantGroup;
			children = (
				EE4CB25A2190389B00BE9697 /* Base */,
			);
			name = LaunchScreen.storyboard;
			sourceTree = "<group>";
		};
/* End PBXVariantGroup section */

/* Begin XCBuildConfiguration section */
		EE4CB25D2190389B00BE9697 /* Debug */ = {
			isa = XCBuildConfiguration;
			buildSettings = {
				ALWAYS_SEARCH_USER_PATHS = NO;
				CLANG_ANALYZER_NONNULL = YES;
				CLANG_ANALYZER_NUMBER_OBJECT_CONVERSION = YES_AGGRESSIVE;
				CLANG_CXX_LANGUAGE_STANDARD = "gnu++14";
				CLANG_CXX_LIBRARY = "libc++";
				CLANG_ENABLE_MODULES = YES;
				CLANG_ENABLE_OBJC_ARC = YES;
				CLANG_ENABLE_OBJC_WEAK = YES;
				CLANG_WARN_BLOCK_CAPTURE_AUTORELEASING = YES;
				CLANG_WARN_BOOL_CONVERSION = YES;
				CLANG_WARN_COMMA = YES;
				CLANG_WARN_CONSTANT_CONVERSION = YES;
				CLANG_WARN_DEPRECATED_OBJC_IMPLEMENTATIONS = YES;
				CLANG_WARN_DIRECT_OBJC_ISA_USAGE = YES_ERROR;
				CLANG_WARN_DOCUMENTATION_COMMENTS = YES;
				CLANG_WARN_EMPTY_BODY = YES;
				CLANG_WARN_ENUM_CONVERSION = YES;
				CLANG_WARN_INFINITE_RECURSION = YES;
				CLANG_WARN_INT_CONVERSION = YES;
				CLANG_WARN_NON_LITERAL_NULL_CONVERSION = YES;
				CLANG_WARN_OBJC_IMPLICIT_RETAIN_SELF = YES;
				CLANG_WARN_OBJC_LITERAL_CONVERSION = YES;
				CLANG_WARN_OBJC_ROOT_CLASS = YES_ERROR;
				CLANG_WARN_RANGE_LOOP_ANALYSIS = YES;
				CLANG_WARN_STRICT_PROTOTYPES = YES;
				CLANG_WARN_SUSPICIOUS_MOVE = YES;
				CLANG_WARN_UNGUARDED_AVAILABILITY = YES_AGGRESSIVE;
				CLANG_WARN_UNREACHABLE_CODE = YES;
				CLANG_WARN__DUPLICATE_METHOD_MATCH = YES;
				CODE_SIGN_IDENTITY = "iPhone Developer";
				COPY_PHASE_STRIP = NO;
				DEBUG_INFORMATION_FORMAT = dwarf;
				ENABLE_STRICT_OBJC_MSGSEND = YES;
				ENABLE_TESTABILITY = YES;
				GCC_C_LANGUAGE_STANDARD = gnu11;
				GCC_DYNAMIC_NO_PIC = NO;
				GCC_NO_COMMON_BLOCKS = YES;
				GCC_OPTIMIZATION_LEVEL = 0;
				GCC_PREPROCESSOR_DEFINITIONS = (
					"DEBUG=1",
					"$(inherited)",
				);
				GCC_WARN_64_TO_32_BIT_CONVERSION = YES;
				GCC_WARN_ABOUT_RETURN_TYPE = YES_ERROR;
				GCC_WARN_UNDECLARED_SELECTOR = YES;
				GCC_WARN_UNINITIALIZED_AUTOS = YES_AGGRESSIVE;
				GCC_WARN_UNUSED_FUNCTION = YES;
				GCC_WARN_UNUSED_VARIABLE = YES;
				IPHONEOS_DEPLOYMENT_TARGET = 11.4;
				MTL_ENABLE_DEBUG_INFO = YES;
				ONLY_ACTIVE_ARCH = YES;
				SDKROOT = iphoneos;
				SWIFT_ACTIVE_COMPILATION_CONDITIONS = DEBUG;
				SWIFT_OPTIMIZATION_LEVEL = "-Onone";
			};
			name = Debug;
		};
		EE4CB25E2190389B00BE9697 /* Release */ = {
			isa = XCBuildConfiguration;
			buildSettings = {
				ALWAYS_SEARCH_USER_PATHS = NO;
				CLANG_ANALYZER_NONNULL = YES;
				CLANG_ANALYZER_NUMBER_OBJECT_CONVERSION = YES_AGGRESSIVE;
				CLANG_CXX_LANGUAGE_STANDARD = "gnu++14";
				CLANG_CXX_LIBRARY = "libc++";
				CLANG_ENABLE_MODULES = YES;
				CLANG_ENABLE_OBJC_ARC = YES;
				CLANG_ENABLE_OBJC_WEAK = YES;
				CLANG_WARN_BLOCK_CAPTURE_AUTORELEASING = YES;
				CLANG_WARN_BOOL_CONVERSION = YES;
				CLANG_WARN_COMMA = YES;
				CLANG_WARN_CONSTANT_CONVERSION = YES;
				CLANG_WARN_DEPRECATED_OBJC_IMPLEMENTATIONS = YES;
				CLANG_WARN_DIRECT_OBJC_ISA_USAGE = YES_ERROR;
				CLANG_WARN_DOCUMENTATION_COMMENTS = YES;
				CLANG_WARN_EMPTY_BODY = YES;
				CLANG_WARN_ENUM_CONVERSION = YES;
				CLANG_WARN_INFINITE_RECURSION = YES;
				CLANG_WARN_INT_CONVERSION = YES;
				CLANG_WARN_NON_LITERAL_NULL_CONVERSION = YES;
				CLANG_WARN_OBJC_IMPLICIT_RETAIN_SELF = YES;
				CLANG_WARN_OBJC_LITERAL_CONVERSION = YES;
				CLANG_WARN_OBJC_ROOT_CLASS = YES_ERROR;
				CLANG_WARN_RANGE_LOOP_ANALYSIS = YES;
				CLANG_WARN_STRICT_PROTOTYPES = YES;
				CLANG_WARN_SUSPICIOUS_MOVE = YES;
				CLANG_WARN_UNGUARDED_AVAILABILITY = YES_AGGRESSIVE;
				CLANG_WARN_UNREACHABLE_CODE = YES;
				CLANG_WARN__DUPLICATE_METHOD_MATCH = YES;
				CODE_SIGN_IDENTITY = "iPhone Developer";
				COPY_PHASE_STRIP = NO;
				DEBUG_INFORMATION_FORMAT = "dwarf-with-dsym";
				ENABLE_NS_ASSERTIONS = NO;
				ENABLE_STRICT_OBJC_MSGSEND = YES;
				GCC_C_LANGUAGE_STANDARD = gnu11;
				GCC_NO_COMMON_BLOCKS = YES;
				GCC_WARN_64_TO_32_BIT_CONVERSION = YES;
				GCC_WARN_ABOUT_RETURN_TYPE = YES_ERROR;
				GCC_WARN_UNDECLARED_SELECTOR = YES;
				GCC_WARN_UNINITIALIZED_AUTOS = YES_AGGRESSIVE;
				GCC_WARN_UNUSED_FUNCTION = YES;
				GCC_WARN_UNUSED_VARIABLE = YES;
				IPHONEOS_DEPLOYMENT_TARGET = 11.4;
				MTL_ENABLE_DEBUG_INFO = NO;
				SDKROOT = iphoneos;
				SWIFT_COMPILATION_MODE = wholemodule;
				SWIFT_OPTIMIZATION_LEVEL = "-O";
				VALIDATE_PRODUCT = YES;
			};
			name = Release;
		};
		EE4CB2602190389B00BE9697 /* Debug */ = {
			isa = XCBuildConfiguration;
			buildSettings = {
				ASSETCATALOG_COMPILER_APPICON_NAME = AppIcon;
				CODE_SIGN_STYLE = Automatic;
				DEVELOPMENT_TEAM = 5M4N6U24B3;
				INFOPLIST_FILE = "05 app swoosh/Info.plist";
				IPHONEOS_DEPLOYMENT_TARGET = 10.3;
				LD_RUNPATH_SEARCH_PATHS = (
					"$(inherited)",
					"@executable_path/Frameworks",
				);
				PRODUCT_BUNDLE_IDENTIFIER = "com.drcomgroup.hanh-udemy.-5-app-swoosh";
				PRODUCT_NAME = "$(TARGET_NAME)";
				SWIFT_VERSION = 4.0;
				TARGETED_DEVICE_FAMILY = "1,2";
			};
			name = Debug;
		};
		EE4CB2612190389B00BE9697 /* Release */ = {
			isa = XCBuildConfiguration;
			buildSettings = {
				ASSETCATALOG_COMPILER_APPICON_NAME = AppIcon;
				CODE_SIGN_STYLE = Automatic;
				DEVELOPMENT_TEAM = 5M4N6U24B3;
				INFOPLIST_FILE = "05 app swoosh/Info.plist";
				IPHONEOS_DEPLOYMENT_TARGET = 10.3;
				LD_RUNPATH_SEARCH_PATHS = (
					"$(inherited)",
					"@executable_path/Frameworks",
				);
				PRODUCT_BUNDLE_IDENTIFIER = "com.drcomgroup.hanh-udemy.-5-app-swoosh";
				PRODUCT_NAME = "$(TARGET_NAME)";
				SWIFT_VERSION = 4.0;
				TARGETED_DEVICE_FAMILY = "1,2";
			};
			name = Release;
		};
/* End XCBuildConfiguration section */

/* Begin XCConfigurationList section */
		EE4CB2482190389900BE9697 /* Build configuration list for PBXProject "05 app swoosh" */ = {
			isa = XCConfigurationList;
			buildConfigurations = (
				EE4CB25D2190389B00BE9697 /* Debug */,
				EE4CB25E2190389B00BE9697 /* Release */,
			);
			defaultConfigurationIsVisible = 0;
			defaultConfigurationName = Release;
		};
		EE4CB25F2190389B00BE9697 /* Build configuration list for PBXNativeTarget "05 app swoosh" */ = {
			isa = XCConfigurationList;
			buildConfigurations = (
				EE4CB2602190389B00BE9697 /* Debug */,
				EE4CB2612190389B00BE9697 /* Release */,
			);
			defaultConfigurationIsVisible = 0;
			defaultConfigurationName = Release;
		};
/* End XCConfigurationList section */
	};
	rootObject = EE4CB2452190389900BE9697 /* Project object */;
}
