// !$*UTF8*$!
{
	archiveVersion = 1;
	classes = {
	};
	objectVersion = 46;
	objects = {

/* Begin PBXBuildFile section */
		4515389F1C391A07001113AC /* AppDelegate.swift in Sources */ = {isa = PBXBuildFile; fileRef = 4515389E1C391A07001113AC /* AppDelegate.swift */; };
		451538A11C391A07001113AC /* GameScene.swift in Sources */ = {isa = PBXBuildFile; fileRef = 451538A01C391A07001113AC /* GameScene.swift */; };
		451538A31C391A07001113AC /* GameScene.sks in Resources */ = {isa = PBXBuildFile; fileRef = 451538A21C391A07001113AC /* GameScene.sks */; };
		451538A51C391A07001113AC /* Assets.xcassets in Resources */ = {isa = PBXBuildFile; fileRef = 451538A41C391A07001113AC /* Assets.xcassets */; };
		451538A81C391A07001113AC /* MainMenu.xib in Resources */ = {isa = PBXBuildFile; fileRef = 451538A61C391A07001113AC /* MainMenu.xib */; };
		451538B01C391A7B001113AC /* Snake.swift in Sources */ = {isa = PBXBuildFile; fileRef = 451538AF1C391A7B001113AC /* Snake.swift */; };
/* End PBXBuildFile section */

/* Begin PBXFileReference section */
		4515389B1C391A07001113AC /* ex11-SnakeGame.app */ = {isa = PBXFileReference; explicitFileType = wrapper.application; includeInIndex = 0; path = "ex11-SnakeGame.app"; sourceTree = BUILT_PRODUCTS_DIR; };
		4515389E1C391A07001113AC /* AppDelegate.swift */ = {isa = PBXFileReference; lastKnownFileType = sourcecode.swift; path = AppDelegate.swift; sourceTree = "<group>"; };
		451538A01C391A07001113AC /* GameScene.swift */ = {isa = PBXFileReference; lastKnownFileType = sourcecode.swift; path = GameScene.swift; sourceTree = "<group>"; };
		451538A21C391A07001113AC /* GameScene.sks */ = {isa = PBXFileReference; lastKnownFileType = file.sks; path = GameScene.sks; sourceTree = "<group>"; };
		451538A41C391A07001113AC /* Assets.xcassets */ = {isa = PBXFileReference; lastKnownFileType = folder.assetcatalog; path = Assets.xcassets; sourceTree = "<group>"; };
		451538A71C391A07001113AC /* Base */ = {isa = PBXFileReference; lastKnownFileType = file.xib; name = Base; path = Base.lproj/MainMenu.xib; sourceTree = "<group>"; };
		451538A91C391A07001113AC /* Info.plist */ = {isa = PBXFileReference; lastKnownFileType = text.plist.xml; path = Info.plist; sourceTree = "<group>"; };
		451538AF1C391A7B001113AC /* Snake.swift */ = {isa = PBXFileReference; fileEncoding = 4; lastKnownFileType = sourcecode.swift; path = Snake.swift; sourceTree = "<group>"; };
/* End PBXFileReference section */

/* Begin PBXFrameworksBuildPhase section */
		451538981C391A07001113AC /* Frameworks */ = {
			isa = PBXFrameworksBuildPhase;
			buildActionMask = 2147483647;
			files = (
			);
			runOnlyForDeploymentPostprocessing = 0;
		};
/* End PBXFrameworksBuildPhase section */

/* Begin PBXGroup section */
		451538921C391A07001113AC = {
			isa = PBXGroup;
			children = (
				4515389D1C391A07001113AC /* ex11-SnakeGame */,
				4515389C1C391A07001113AC /* Products */,
			);
			sourceTree = "<group>";
		};
		4515389C1C391A07001113AC /* Products */ = {
			isa = PBXGroup;
			children = (
				4515389B1C391A07001113AC /* ex11-SnakeGame.app */,
			);
			name = Products;
			sourceTree = "<group>";
		};
		4515389D1C391A07001113AC /* ex11-SnakeGame */ = {
			isa = PBXGroup;
			children = (
				4515389E1C391A07001113AC /* AppDelegate.swift */,
				451538A01C391A07001113AC /* GameScene.swift */,
				451538A21C391A07001113AC /* GameScene.sks */,
				451538A41C391A07001113AC /* Assets.xcassets */,
				451538A61C391A07001113AC /* MainMenu.xib */,
				451538A91C391A07001113AC /* Info.plist */,
				451538AF1C391A7B001113AC /* Snake.swift */,
			);
			path = "ex11-SnakeGame";
			sourceTree = "<group>";
		};
/* End PBXGroup section */

/* Begin PBXNativeTarget section */
		4515389A1C391A07001113AC /* ex11-SnakeGame */ = {
			isa = PBXNativeTarget;
			buildConfigurationList = 451538AC1C391A07001113AC /* Build configuration list for PBXNativeTarget "ex11-SnakeGame" */;
			buildPhases = (
				451538971C391A07001113AC /* Sources */,
				451538981C391A07001113AC /* Frameworks */,
				451538991C391A07001113AC /* Resources */,
			);
			buildRules = (
			);
			dependencies = (
			);
			name = "ex11-SnakeGame";
			productName = "ex11-SnakeGame";
			productReference = 4515389B1C391A07001113AC /* ex11-SnakeGame.app */;
			productType = "com.apple.product-type.application";
		};
/* End PBXNativeTarget section */

/* Begin PBXProject section */
		451538931C391A07001113AC /* Project object */ = {
			isa = PBXProject;
			attributes = {
				LastSwiftUpdateCheck = 0720;
				LastUpgradeCheck = 1000;
				ORGANIZATIONNAME = AgileWay;
				TargetAttributes = {
					4515389A1C391A07001113AC = {
						CreatedOnToolsVersion = 7.2;
						LastSwiftMigration = 1000;
					};
				};
			};
			buildConfigurationList = 451538961C391A07001113AC /* Build configuration list for PBXProject "ex11-SnakeGame" */;
			compatibilityVersion = "Xcode 3.2";
			developmentRegion = English;
			hasScannedForEncodings = 0;
			knownRegions = (
				en,
				Base,
			);
			mainGroup = 451538921C391A07001113AC;
			productRefGroup = 4515389C1C391A07001113AC /* Products */;
			projectDirPath = "";
			projectRoot = "";
			targets = (
				4515389A1C391A07001113AC /* ex11-SnakeGame */,
			);
		};
/* End PBXProject section */

/* Begin PBXResourcesBuildPhase section */
		451538991C391A07001113AC /* Resources */ = {
			isa = PBXResourcesBuildPhase;
			buildActionMask = 2147483647;
			files = (
				451538A51C391A07001113AC /* Assets.xcassets in Resources */,
				451538A31C391A07001113AC /* GameScene.sks in Resources */,
				451538A81C391A07001113AC /* MainMenu.xib in Resources */,
			);
			runOnlyForDeploymentPostprocessing = 0;
		};
/* End PBXResourcesBuildPhase section */

/* Begin PBXSourcesBuildPhase section */
		451538971C391A07001113AC /* Sources */ = {
			isa = PBXSourcesBuildPhase;
			buildActionMask = 2147483647;
			files = (
				451538A11C391A07001113AC /* GameScene.swift in Sources */,
				4515389F1C391A07001113AC /* AppDelegate.swift in Sources */,
				451538B01C391A7B001113AC /* Snake.swift in Sources */,
			);
			runOnlyForDeploymentPostprocessing = 0;
		};
/* End PBXSourcesBuildPhase section */

/* Begin PBXVariantGroup section */
		451538A61C391A07001113AC /* MainMenu.xib */ = {
			isa = PBXVariantGroup;
			children = (
				451538A71C391A07001113AC /* Base */,
			);
			name = MainMenu.xib;
			sourceTree = "<group>";
		};
/* End PBXVariantGroup section */

/* Begin XCBuildConfiguration section */
		451538AA1C391A07001113AC /* Debug */ = {
			isa = XCBuildConfiguration;
			buildSettings = {
				ALWAYS_SEARCH_USER_PATHS = NO;
				CLANG_CXX_LANGUAGE_STANDARD = "gnu++0x";
				CLANG_CXX_LIBRARY = "libc++";
				CLANG_ENABLE_MODULES = YES;
				CLANG_ENABLE_OBJC_ARC = YES;
				CLANG_WARN_BLOCK_CAPTURE_AUTORELEASING = YES;
				CLANG_WARN_BOOL_CONVERSION = YES;
				CLANG_WARN_COMMA = YES;
				CLANG_WARN_CONSTANT_CONVERSION = YES;
				CLANG_WARN_DEPRECATED_OBJC_IMPLEMENTATIONS = YES;
				CLANG_WARN_DIRECT_OBJC_ISA_USAGE = YES_ERROR;
				CLANG_WARN_EMPTY_BODY = YES;
				CLANG_WARN_ENUM_CONVERSION = YES;
				CLANG_WARN_INFINITE_RECURSION = YES;
				CLANG_WARN_INT_CONVERSION = YES;
				CLANG_WARN_NON_LITERAL_NULL_CONVERSION = YES;
				CLANG_WARN_OBJC_IMPLICIT_RETAIN_SELF = YES;
				CLANG_WARN_OBJC_LITERAL_CONVERSION = YES;
				CLANG_WARN_OBJC_ROOT_CLASS = YES_ERROR;
				CLANG_WARN_RANGE_LOOP_ANALYSIS = YES;
				CLANG_WARN_STRICT_PROTOTYPES = YES;
				CLANG_WARN_SUSPICIOUS_MOVE = YES;
				CLANG_WARN_UNREACHABLE_CODE = YES;
				CLANG_WARN__DUPLICATE_METHOD_MATCH = YES;
				CODE_SIGN_IDENTITY = "-";
				COPY_PHASE_STRIP = NO;
				DEBUG_INFORMATION_FORMAT = "dwarf-with-dsym";
				ENABLE_STRICT_OBJC_MSGSEND = YES;
				ENABLE_TESTABILITY = YES;
				GCC_C_LANGUAGE_STANDARD = gnu99;
				GCC_DYNAMIC_NO_PIC = NO;
				GCC_NO_COMMON_BLOCKS = YES;
				GCC_OPTIMIZATION_LEVEL = 0;
				GCC_PREPROCESSOR_DEFINITIONS = (
					"DEBUG=1",
					"$(inherited)",
				);
				GCC_WARN_64_TO_32_BIT_CONVERSION = YES;
				GCC_WARN_ABOUT_RETURN_TYPE = YES_ERROR;
				GCC_WARN_UNDECLARED_SELECTOR = YES;
				GCC_WARN_UNINITIALIZED_AUTOS = YES_AGGRESSIVE;
				GCC_WARN_UNUSED_FUNCTION = YES;
				GCC_WARN_UNUSED_VARIABLE = YES;
				MACOSX_DEPLOYMENT_TARGET = 10.11;
				MTL_ENABLE_DEBUG_INFO = YES;
				ONLY_ACTIVE_ARCH = YES;
				SDKROOT = macosx;
				SWIFT_OPTIMIZATION_LEVEL = "-Onone";
			};
			name = Debug;
		};
		451538AB1C391A07001113AC /* Release */ = {
			isa = XCBuildConfiguration;
			buildSettings = {
				ALWAYS_SEARCH_USER_PATHS = NO;
				CLANG_CXX_LANGUAGE_STANDARD = "gnu++0x";
				CLANG_CXX_LIBRARY = "libc++";
				CLANG_ENABLE_MODULES = YES;
				CLANG_ENABLE_OBJC_ARC = YES;
				CLANG_WARN_BLOCK_CAPTURE_AUTORELEASING = YES;
				CLANG_WARN_BOOL_CONVERSION = YES;
				CLANG_WARN_COMMA = YES;
				CLANG_WARN_CONSTANT_CONVERSION = YES;
				CLANG_WARN_DEPRECATED_OBJC_IMPLEMENTATIONS = YES;
				CLANG_WARN_DIRECT_OBJC_ISA_USAGE = YES_ERROR;
				CLANG_WARN_EMPTY_BODY = YES;
				CLANG_WARN_ENUM_CONVERSION = YES;
				CLANG_WARN_INFINITE_RECURSION = YES;
				CLANG_WARN_INT_CONVERSION = YES;
				CLANG_WARN_NON_LITERAL_NULL_CONVERSION = YES;
				CLANG_WARN_OBJC_IMPLICIT_RETAIN_SELF = YES;
				CLANG_WARN_OBJC_LITERAL_CONVERSION = YES;
				CLANG_WARN_OBJC_ROOT_CLASS = YES_ERROR;
				CLANG_WARN_RANGE_LOOP_ANALYSIS = YES;
				CLANG_WARN_STRICT_PROTOTYPES = YES;
				CLANG_WARN_SUSPICIOUS_MOVE = YES;
				CLANG_WARN_UNREACHABLE_CODE = YES;
				CLANG_WARN__DUPLICATE_METHOD_MATCH = YES;
				CODE_SIGN_IDENTITY = "-";
				COPY_PHASE_STRIP = NO;
				DEBUG_INFORMATION_FORMAT = "dwarf-with-dsym";
				ENABLE_NS_ASSERTIONS = NO;
				ENABLE_STRICT_OBJC_MSGSEND = YES;
				GCC_C_LANGUAGE_STANDARD = gnu99;
				GCC_NO_COMMON_BLOCKS = YES;
				GCC_WARN_64_TO_32_BIT_CONVERSION = YES;
				GCC_WARN_ABOUT_RETURN_TYPE = YES_ERROR;
				GCC_WARN_UNDECLARED_SELECTOR = YES;
				GCC_WARN_UNINITIALIZED_AUTOS = YES_AGGRESSIVE;
				GCC_WARN_UNUSED_FUNCTION = YES;
				GCC_WARN_UNUSED_VARIABLE = YES;
				MACOSX_DEPLOYMENT_TARGET = 10.11;
				MTL_ENABLE_DEBUG_INFO = NO;
				SDKROOT = macosx;
				SWIFT_COMPILATION_MODE = wholemodule;
			};
			name = Release;
		};
		451538AD1C391A07001113AC /* Debug */ = {
			isa = XCBuildConfiguration;
			buildSettings = {
				ASSETCATALOG_COMPILER_APPICON_NAME = AppIcon;
				COMBINE_HIDPI_IMAGES = YES;
				INFOPLIST_FILE = "ex11-SnakeGame/Info.plist";
				LD_RUNPATH_SEARCH_PATHS = "$(inherited) @executable_path/../Frameworks";
				PRODUCT_BUNDLE_IDENTIFIER = "agilway.ex11-SnakeGame";
				PRODUCT_NAME = "$(TARGET_NAME)";
				SWIFT_VERSION = 4.2;
			};
			name = Debug;
		};
		451538AE1C391A07001113AC /* Release */ = {
			isa = XCBuildConfiguration;
			buildSettings = {
				ASSETCATALOG_COMPILER_APPICON_NAME = AppIcon;
				COMBINE_HIDPI_IMAGES = YES;
				INFOPLIST_FILE = "ex11-SnakeGame/Info.plist";
				LD_RUNPATH_SEARCH_PATHS = "$(inherited) @executable_path/../Frameworks";
				PRODUCT_BUNDLE_IDENTIFIER = "agilway.ex11-SnakeGame";
				PRODUCT_NAME = "$(TARGET_NAME)";
				SWIFT_VERSION = 4.2;
			};
			name = Release;
		};
/* End XCBuildConfiguration section */

/* Begin XCConfigurationList section */
		451538961C391A07001113AC /* Build configuration list for PBXProject "ex11-SnakeGame" */ = {
			isa = XCConfigurationList;
			buildConfigurations = (
				451538AA1C391A07001113AC /* Debug */,
				451538AB1C391A07001113AC /* Release */,
			);
			defaultConfigurationIsVisible = 0;
			defaultConfigurationName = Release;
		};
		451538AC1C391A07001113AC /* Build configuration list for PBXNativeTarget "ex11-SnakeGame" */ = {
			isa = XCConfigurationList;
			buildConfigurations = (
				451538AD1C391A07001113AC /* Debug */,
				451538AE1C391A07001113AC /* Release */,
			);
			defaultConfigurationIsVisible = 0;
			defaultConfigurationName = Release;
		};
/* End XCConfigurationList section */
	};
	rootObject = 451538931C391A07001113AC /* Project object */;
}
