// !$*UTF8*$!
{
	archiveVersion = 1;
	classes = {
	};
	objectVersion = 48;
	objects = {

/* Begin PBXBuildFile section */
		0C532B42208EA6BB00ADA65A /* main.swift in Sources */ = {isa = PBXBuildFile; fileRef = 0C532B41208EA6BB00ADA65A /* main.swift */; };
		0C532B49208EA8FE00ADA65A /* 01_tinh_tong.swift in Sources */ = {isa = PBXBuildFile; fileRef = 0C532B48208EA8FE00ADA65A /* 01_tinh_tong.swift */; };
		0C6E03542096DBBE00DC949F /* 05_array.swift in Sources */ = {isa = PBXBuildFile; fileRef = 0C6E03532096DBBE00DC949F /* 05_array.swift */; };
		0C6E03562096DBE900DC949F /* 06_ma_tran_vuong.swift in Sources */ = {isa = PBXBuildFile; fileRef = 0C6E03552096DBE900DC949F /* 06_ma_tran_vuong.swift */; };
		0C6E03582096DC0300DC949F /* truu_tuong_hoa_du_lieu.swift in Sources */ = {isa = PBXBuildFile; fileRef = 0C6E03572096DC0300DC949F /* truu_tuong_hoa_du_lieu.swift */; };
		0C6E035A2096DC1A00DC949F /* mang_cau_truc.swift in Sources */ = {isa = PBXBuildFile; fileRef = 0C6E03592096DC1A00DC949F /* mang_cau_truc.swift */; };
		0C6E035C2096DC3900DC949F /* 10_de_quy.swift in Sources */ = {isa = PBXBuildFile; fileRef = 0C6E035B2096DC3900DC949F /* 10_de_quy.swift */; };
		0C6E035E2096DC6400DC949F /* ky_thuat_lap_trinh_con_tro.swift in Sources */ = {isa = PBXBuildFile; fileRef = 0C6E035D2096DC6400DC949F /* ky_thuat_lap_trinh_con_tro.swift */; };
		0C6E03602096DC7900DC949F /* 12_danh_sach_lien_ket.swift in Sources */ = {isa = PBXBuildFile; fileRef = 0C6E035F2096DC7900DC949F /* 12_danh_sach_lien_ket.swift */; };
		0C6E03622096DC9100DC949F /* 13_cay_nhi_phan.swift in Sources */ = {isa = PBXBuildFile; fileRef = 0C6E03612096DC9100DC949F /* 13_cay_nhi_phan.swift */; };
/* End PBXBuildFile section */

/* Begin PBXCopyFilesBuildPhase section */
		0C532B3C208EA6BB00ADA65A /* CopyFiles */ = {
			isa = PBXCopyFilesBuildPhase;
			buildActionMask = 2147483647;
			dstPath = /usr/share/man/man1/;
			dstSubfolderSpec = 0;
			files = (
			);
			runOnlyForDeploymentPostprocessing = 1;
		};
/* End PBXCopyFilesBuildPhase section */

/* Begin PBXFileReference section */
		0C532B3E208EA6BB00ADA65A /* 01.BasicSyntax */ = {isa = PBXFileReference; explicitFileType = "compiled.mach-o.executable"; includeInIndex = 0; path = 01.BasicSyntax; sourceTree = BUILT_PRODUCTS_DIR; };
		0C532B41208EA6BB00ADA65A /* main.swift */ = {isa = PBXFileReference; lastKnownFileType = sourcecode.swift; path = main.swift; sourceTree = "<group>"; };
		0C532B48208EA8FE00ADA65A /* 01_tinh_tong.swift */ = {isa = PBXFileReference; lastKnownFileType = sourcecode.swift; path = 01_tinh_tong.swift; sourceTree = "<group>"; };
		0C6E03532096DBBE00DC949F /* 05_array.swift */ = {isa = PBXFileReference; lastKnownFileType = sourcecode.swift; path = 05_array.swift; sourceTree = "<group>"; };
		0C6E03552096DBE900DC949F /* 06_ma_tran_vuong.swift */ = {isa = PBXFileReference; lastKnownFileType = sourcecode.swift; path = 06_ma_tran_vuong.swift; sourceTree = "<group>"; };
		0C6E03572096DC0300DC949F /* truu_tuong_hoa_du_lieu.swift */ = {isa = PBXFileReference; lastKnownFileType = sourcecode.swift; path = truu_tuong_hoa_du_lieu.swift; sourceTree = "<group>"; };
		0C6E03592096DC1A00DC949F /* mang_cau_truc.swift */ = {isa = PBXFileReference; lastKnownFileType = sourcecode.swift; path = mang_cau_truc.swift; sourceTree = "<group>"; };
		0C6E035B2096DC3900DC949F /* 10_de_quy.swift */ = {isa = PBXFileReference; lastKnownFileType = sourcecode.swift; path = 10_de_quy.swift; sourceTree = "<group>"; };
		0C6E035D2096DC6400DC949F /* ky_thuat_lap_trinh_con_tro.swift */ = {isa = PBXFileReference; lastKnownFileType = sourcecode.swift; path = ky_thuat_lap_trinh_con_tro.swift; sourceTree = "<group>"; };
		0C6E035F2096DC7900DC949F /* 12_danh_sach_lien_ket.swift */ = {isa = PBXFileReference; lastKnownFileType = sourcecode.swift; path = 12_danh_sach_lien_ket.swift; sourceTree = "<group>"; };
		0C6E03612096DC9100DC949F /* 13_cay_nhi_phan.swift */ = {isa = PBXFileReference; lastKnownFileType = sourcecode.swift; path = 13_cay_nhi_phan.swift; sourceTree = "<group>"; };
/* End PBXFileReference section */

/* Begin PBXFrameworksBuildPhase section */
		0C532B3B208EA6BB00ADA65A /* Frameworks */ = {
			isa = PBXFrameworksBuildPhase;
			buildActionMask = 2147483647;
			files = (
			);
			runOnlyForDeploymentPostprocessing = 0;
		};
/* End PBXFrameworksBuildPhase section */

/* Begin PBXGroup section */
		0C532B35208EA6BB00ADA65A = {
			isa = PBXGroup;
			children = (
				0C532B40208EA6BB00ADA65A /* 01.BasicSyntax */,
				0C532B3F208EA6BB00ADA65A /* Products */,
			);
			sourceTree = "<group>";
		};
		0C532B3F208EA6BB00ADA65A /* Products */ = {
			isa = PBXGroup;
			children = (
				0C532B3E208EA6BB00ADA65A /* 01.BasicSyntax */,
			);
			name = Products;
			sourceTree = "<group>";
		};
		0C532B40208EA6BB00ADA65A /* 01.BasicSyntax */ = {
			isa = PBXGroup;
			children = (
				0C532B41208EA6BB00ADA65A /* main.swift */,
				0C532B48208EA8FE00ADA65A /* 01_tinh_tong.swift */,
				0C6E03532096DBBE00DC949F /* 05_array.swift */,
				0C6E03552096DBE900DC949F /* 06_ma_tran_vuong.swift */,
				0C6E03572096DC0300DC949F /* truu_tuong_hoa_du_lieu.swift */,
				0C6E03592096DC1A00DC949F /* mang_cau_truc.swift */,
				0C6E035B2096DC3900DC949F /* 10_de_quy.swift */,
				0C6E035D2096DC6400DC949F /* ky_thuat_lap_trinh_con_tro.swift */,
				0C6E035F2096DC7900DC949F /* 12_danh_sach_lien_ket.swift */,
				0C6E03612096DC9100DC949F /* 13_cay_nhi_phan.swift */,
			);
			path = 01.BasicSyntax;
			sourceTree = "<group>";
		};
/* End PBXGroup section */

/* Begin PBXNativeTarget section */
		0C532B3D208EA6BB00ADA65A /* 01.BasicSyntax */ = {
			isa = PBXNativeTarget;
			buildConfigurationList = 0C532B45208EA6BB00ADA65A /* Build configuration list for PBXNativeTarget "01.BasicSyntax" */;
			buildPhases = (
				0C532B3A208EA6BB00ADA65A /* Sources */,
				0C532B3B208EA6BB00ADA65A /* Frameworks */,
				0C532B3C208EA6BB00ADA65A /* CopyFiles */,
			);
			buildRules = (
			);
			dependencies = (
			);
			name = 01.BasicSyntax;
			productName = 01.BasicSyntax;
			productReference = 0C532B3E208EA6BB00ADA65A /* 01.BasicSyntax */;
			productType = "com.apple.product-type.tool";
		};
/* End PBXNativeTarget section */

/* Begin PBXProject section */
		0C532B36208EA6BB00ADA65A /* Project object */ = {
			isa = PBXProject;
			attributes = {
				LastSwiftUpdateCheck = 0900;
				LastUpgradeCheck = 0900;
				ORGANIZATIONNAME = "Hanh Nguyen";
				TargetAttributes = {
					0C532B3D208EA6BB00ADA65A = {
						CreatedOnToolsVersion = 9.0.1;
						ProvisioningStyle = Automatic;
					};
				};
			};
			buildConfigurationList = 0C532B39208EA6BB00ADA65A /* Build configuration list for PBXProject "01.BasicSyntax" */;
			compatibilityVersion = "Xcode 8.0";
			developmentRegion = en;
			hasScannedForEncodings = 0;
			knownRegions = (
				en,
			);
			mainGroup = 0C532B35208EA6BB00ADA65A;
			productRefGroup = 0C532B3F208EA6BB00ADA65A /* Products */;
			projectDirPath = "";
			projectRoot = "";
			targets = (
				0C532B3D208EA6BB00ADA65A /* 01.BasicSyntax */,
			);
		};
/* End PBXProject section */

/* Begin PBXSourcesBuildPhase section */
		0C532B3A208EA6BB00ADA65A /* Sources */ = {
			isa = PBXSourcesBuildPhase;
			buildActionMask = 2147483647;
			files = (
				0C6E03622096DC9100DC949F /* 13_cay_nhi_phan.swift in Sources */,
				0C532B42208EA6BB00ADA65A /* main.swift in Sources */,
				0C532B49208EA8FE00ADA65A /* 01_tinh_tong.swift in Sources */,
				0C6E035A2096DC1A00DC949F /* mang_cau_truc.swift in Sources */,
				0C6E03562096DBE900DC949F /* 06_ma_tran_vuong.swift in Sources */,
				0C6E03542096DBBE00DC949F /* 05_array.swift in Sources */,
				0C6E03602096DC7900DC949F /* 12_danh_sach_lien_ket.swift in Sources */,
				0C6E03582096DC0300DC949F /* truu_tuong_hoa_du_lieu.swift in Sources */,
				0C6E035E2096DC6400DC949F /* ky_thuat_lap_trinh_con_tro.swift in Sources */,
				0C6E035C2096DC3900DC949F /* 10_de_quy.swift in Sources */,
			);
			runOnlyForDeploymentPostprocessing = 0;
		};
/* End PBXSourcesBuildPhase section */

/* Begin XCBuildConfiguration section */
		0C532B43208EA6BB00ADA65A /* Debug */ = {
			isa = XCBuildConfiguration;
			buildSettings = {
				ALWAYS_SEARCH_USER_PATHS = NO;
				CLANG_ANALYZER_NONNULL = YES;
				CLANG_ANALYZER_NUMBER_OBJECT_CONVERSION = YES_AGGRESSIVE;
				CLANG_CXX_LANGUAGE_STANDARD = "gnu++14";
				CLANG_CXX_LIBRARY = "libc++";
				CLANG_ENABLE_MODULES = YES;
				CLANG_ENABLE_OBJC_ARC = YES;
				CLANG_WARN_BLOCK_CAPTURE_AUTORELEASING = YES;
				CLANG_WARN_BOOL_CONVERSION = YES;
				CLANG_WARN_COMMA = YES;
				CLANG_WARN_CONSTANT_CONVERSION = YES;
				CLANG_WARN_DIRECT_OBJC_ISA_USAGE = YES_ERROR;
				CLANG_WARN_DOCUMENTATION_COMMENTS = YES;
				CLANG_WARN_EMPTY_BODY = YES;
				CLANG_WARN_ENUM_CONVERSION = YES;
				CLANG_WARN_INFINITE_RECURSION = YES;
				CLANG_WARN_INT_CONVERSION = YES;
				CLANG_WARN_NON_LITERAL_NULL_CONVERSION = YES;
				CLANG_WARN_OBJC_LITERAL_CONVERSION = YES;
				CLANG_WARN_OBJC_ROOT_CLASS = YES_ERROR;
				CLANG_WARN_RANGE_LOOP_ANALYSIS = YES;
				CLANG_WARN_STRICT_PROTOTYPES = YES;
				CLANG_WARN_SUSPICIOUS_MOVE = YES;
				CLANG_WARN_UNGUARDED_AVAILABILITY = YES_AGGRESSIVE;
				CLANG_WARN_UNREACHABLE_CODE = YES;
				CLANG_WARN__DUPLICATE_METHOD_MATCH = YES;
				CODE_SIGN_IDENTITY = "Mac Developer";
				COPY_PHASE_STRIP = NO;
				DEBUG_INFORMATION_FORMAT = dwarf;
				ENABLE_STRICT_OBJC_MSGSEND = YES;
				ENABLE_TESTABILITY = YES;
				GCC_C_LANGUAGE_STANDARD = gnu11;
				GCC_DYNAMIC_NO_PIC = NO;
				GCC_NO_COMMON_BLOCKS = YES;
				GCC_OPTIMIZATION_LEVEL = 0;
				GCC_PREPROCESSOR_DEFINITIONS = (
					"DEBUG=1",
					"$(inherited)",
				);
				GCC_WARN_64_TO_32_BIT_CONVERSION = YES;
				GCC_WARN_ABOUT_RETURN_TYPE = YES_ERROR;
				GCC_WARN_UNDECLARED_SELECTOR = YES;
				GCC_WARN_UNINITIALIZED_AUTOS = YES_AGGRESSIVE;
				GCC_WARN_UNUSED_FUNCTION = YES;
				GCC_WARN_UNUSED_VARIABLE = YES;
				MACOSX_DEPLOYMENT_TARGET = 10.13;
				MTL_ENABLE_DEBUG_INFO = YES;
				ONLY_ACTIVE_ARCH = YES;
				SDKROOT = macosx;
				SWIFT_ACTIVE_COMPILATION_CONDITIONS = DEBUG;
				SWIFT_OPTIMIZATION_LEVEL = "-Onone";
			};
			name = Debug;
		};
		0C532B44208EA6BB00ADA65A /* Release */ = {
			isa = XCBuildConfiguration;
			buildSettings = {
				ALWAYS_SEARCH_USER_PATHS = NO;
				CLANG_ANALYZER_NONNULL = YES;
				CLANG_ANALYZER_NUMBER_OBJECT_CONVERSION = YES_AGGRESSIVE;
				CLANG_CXX_LANGUAGE_STANDARD = "gnu++14";
				CLANG_CXX_LIBRARY = "libc++";
				CLANG_ENABLE_MODULES = YES;
				CLANG_ENABLE_OBJC_ARC = YES;
				CLANG_WARN_BLOCK_CAPTURE_AUTORELEASING = YES;
				CLANG_WARN_BOOL_CONVERSION = YES;
				CLANG_WARN_COMMA = YES;
				CLANG_WARN_CONSTANT_CONVERSION = YES;
				CLANG_WARN_DIRECT_OBJC_ISA_USAGE = YES_ERROR;
				CLANG_WARN_DOCUMENTATION_COMMENTS = YES;
				CLANG_WARN_EMPTY_BODY = YES;
				CLANG_WARN_ENUM_CONVERSION = YES;
				CLANG_WARN_INFINITE_RECURSION = YES;
				CLANG_WARN_INT_CONVERSION = YES;
				CLANG_WARN_NON_LITERAL_NULL_CONVERSION = YES;
				CLANG_WARN_OBJC_LITERAL_CONVERSION = YES;
				CLANG_WARN_OBJC_ROOT_CLASS = YES_ERROR;
				CLANG_WARN_RANGE_LOOP_ANALYSIS = YES;
				CLANG_WARN_STRICT_PROTOTYPES = YES;
				CLANG_WARN_SUSPICIOUS_MOVE = YES;
				CLANG_WARN_UNGUARDED_AVAILABILITY = YES_AGGRESSIVE;
				CLANG_WARN_UNREACHABLE_CODE = YES;
				CLANG_WARN__DUPLICATE_METHOD_MATCH = YES;
				CODE_SIGN_IDENTITY = "Mac Developer";
				COPY_PHASE_STRIP = NO;
				DEBUG_INFORMATION_FORMAT = "dwarf-with-dsym";
				ENABLE_NS_ASSERTIONS = NO;
				ENABLE_STRICT_OBJC_MSGSEND = YES;
				GCC_C_LANGUAGE_STANDARD = gnu11;
				GCC_NO_COMMON_BLOCKS = YES;
				GCC_WARN_64_TO_32_BIT_CONVERSION = YES;
				GCC_WARN_ABOUT_RETURN_TYPE = YES_ERROR;
				GCC_WARN_UNDECLARED_SELECTOR = YES;
				GCC_WARN_UNINITIALIZED_AUTOS = YES_AGGRESSIVE;
				GCC_WARN_UNUSED_FUNCTION = YES;
				GCC_WARN_UNUSED_VARIABLE = YES;
				MACOSX_DEPLOYMENT_TARGET = 10.13;
				MTL_ENABLE_DEBUG_INFO = NO;
				SDKROOT = macosx;
				SWIFT_OPTIMIZATION_LEVEL = "-Owholemodule";
			};
			name = Release;
		};
		0C532B46208EA6BB00ADA65A /* Debug */ = {
			isa = XCBuildConfiguration;
			buildSettings = {
				CODE_SIGN_STYLE = Automatic;
				DEVELOPMENT_TEAM = 33L9A8J22X;
				MACOSX_DEPLOYMENT_TARGET = 10.12;
				PRODUCT_NAME = "$(TARGET_NAME)";
				SWIFT_VERSION = 4.0;
			};
			name = Debug;
		};
		0C532B47208EA6BB00ADA65A /* Release */ = {
			isa = XCBuildConfiguration;
			buildSettings = {
				CODE_SIGN_STYLE = Automatic;
				DEVELOPMENT_TEAM = 33L9A8J22X;
				MACOSX_DEPLOYMENT_TARGET = 10.12;
				PRODUCT_NAME = "$(TARGET_NAME)";
				SWIFT_VERSION = 4.0;
			};
			name = Release;
		};
/* End XCBuildConfiguration section */

/* Begin XCConfigurationList section */
		0C532B39208EA6BB00ADA65A /* Build configuration list for PBXProject "01.BasicSyntax" */ = {
			isa = XCConfigurationList;
			buildConfigurations = (
				0C532B43208EA6BB00ADA65A /* Debug */,
				0C532B44208EA6BB00ADA65A /* Release */,
			);
			defaultConfigurationIsVisible = 0;
			defaultConfigurationName = Release;
		};
		0C532B45208EA6BB00ADA65A /* Build configuration list for PBXNativeTarget "01.BasicSyntax" */ = {
			isa = XCConfigurationList;
			buildConfigurations = (
				0C532B46208EA6BB00ADA65A /* Debug */,
				0C532B47208EA6BB00ADA65A /* Release */,
			);
			defaultConfigurationIsVisible = 0;
			defaultConfigurationName = Release;
		};
/* End XCConfigurationList section */
	};
	rootObject = 0C532B36208EA6BB00ADA65A /* Project object */;
}
